<?xml version="1.0" encoding="utf-8"?>
<Project ToolsVersion="4.0" xmlns="http://schemas.microsoft.com/developer/msbuild/2003">
  <ItemGroup>
    <Filter Include="Platform">
      <UniqueIdentifier>{2AC788B4-1694-E3BF-3FAD-D1672BD9184E}</UniqueIdentifier>
    </Filter>
    <Filter Include="Platform\Windows">
      <UniqueIdentifier>{64FBD71A-50F4-F66C-7926-DCF1657ED678}</UniqueIdentifier>
    </Filter>
    <Filter Include="XuanWu">
      <UniqueIdentifier>{6D3FA1DD-59E1-CBB3-429C-DF072EDD5204}</UniqueIdentifier>
    </Filter>
    <Filter Include="XuanWu\Events">
      <UniqueIdentifier>{B1AE61B5-1D6F-DDEB-E6A9-2669522922C8}</UniqueIdentifier>
    </Filter>
  </ItemGroup>
  <ItemGroup>
    <ClInclude Include="src\Header.h" />
    <ClInclude Include="src\Platform\Windows\WindowsWindow.h">
      <Filter>Platform\Windows</Filter>
    </ClInclude>
    <ClInclude Include="src\XuanWu\Application.h">
      <Filter>XuanWu</Filter>
    </ClInclude>
    <ClInclude Include="src\XuanWu\Core.h">
      <Filter>XuanWu</Filter>
    </ClInclude>
    <ClInclude Include="src\XuanWu\EntryPoint.h">
      <Filter>XuanWu</Filter>
    </ClInclude>
    <ClInclude Include="src\XuanWu\Events\ApplicationEvent.h">
      <Filter>XuanWu\Events</Filter>
    </ClInclude>
    <ClInclude Include="src\XuanWu\Events\Event.h">
      <Filter>XuanWu\Events</Filter>
    </ClInclude>
    <ClInclude Include="src\XuanWu\Events\KeyEvent.h">
      <Filter>XuanWu\Events</Filter>
    </ClInclude>
    <ClInclude Include="src\XuanWu\Events\MouseEvent.h">
      <Filter>XuanWu\Events</Filter>
    </ClInclude>
    <ClInclude Include="src\XuanWu\Log.h">
      <Filter>XuanWu</Filter>
    </ClInclude>
    <ClInclude Include="src\XuanWu\Window.h">
      <Filter>XuanWu</Filter>
    </ClInclude>
    <ClInclude Include="src\xwpch.h" />
  </ItemGroup>
  <ItemGroup>
    <ClCompile Include="src\Platform\Windows\WindowsWindow.cpp">
      <Filter>Platform\Windows</Filter>
    </ClCompile>
    <ClCompile Include="src\XuanWu\Application.cpp">
      <Filter>XuanWu</Filter>
    </ClCompile>
    <ClCompile Include="src\XuanWu\Log.cpp">
      <Filter>XuanWu</Filter>
    </ClCompile>
    <ClCompile Include="src\xwpch.cpp" />
  </ItemGroup>
</Project>