<?xml version="1.0" encoding="utf-8"?>
<Project ToolsVersion="4.0" xmlns="http://schemas.microsoft.com/developer/msbuild/2003">
  <ItemGroup>
    <Filter Include="XuanWu">
      <UniqueIdentifier>{6D3FA1DD-59E1-CBB3-429C-DF072EDD5204}</UniqueIdentifier>
    </Filter>
  </ItemGroup>
  <ItemGroup>
    <ClInclude Include="src\Header.h" />
    <ClInclude Include="src\XuanWu\Application.h">
      <Filter>XuanWu</Filter>
    </ClInclude>
    <ClInclude Include="src\XuanWu\Core.h">
      <Filter>XuanWu</Filter>
    </ClInclude>
    <ClInclude Include="src\XuanWu\EntryPoint.h">
      <Filter>XuanWu</Filter>
    </ClInclude>
    <ClInclude Include="src\XuanWu\Log.h">
      <Filter>XuanWu</Filter>
    </ClInclude>
  </ItemGroup>
  <ItemGroup>
    <ClCompile Include="src\XuanWu\Application.cpp">
      <Filter>XuanWu</Filter>
    </ClCompile>
    <ClCompile Include="src\XuanWu\Log.cpp">
      <Filter>XuanWu</Filter>
    </ClCompile>
  </ItemGroup>
</Project>